
Microsoft Visual Studio Solution File, Format Version 12.00
# Visual Studio Version 17
VisualStudioVersion = 17.1.32421.90
MinimumVisualStudioVersion = 10.0.40219.1
Project("{FAE04EC0-301F-11D3-BF4B-00C04F79EFBC}") = "FunctionsApiApp", "FunctionsApiApp.csproj", "{525B77CF-D2F3-498E-94D0-B8704B84C663}"
EndProject
Global
	GlobalSection(SolutionConfigurationPlatforms) = preSolution
		Debug|Any CPU = Debug|Any CPU
		Release|Any CPU = Release|Any CPU
	EndGlobalSection
	GlobalSection(ProjectConfigurationPlatforms) = postSolution
		{525B77CF-D2F3-498E-94D0-B8704B84C663}.Debug|Any CPU.ActiveCfg = Debug|Any CPU
		{525B77CF-D2F3-498E-94D0-B8704B84C663}.Debug|Any CPU.Build.0 = Debug|Any CPU
		{525B77CF-D2F3-498E-94D0-B8704B84C663}.Release|Any CPU.ActiveCfg = Release|Any CPU
		{525B77CF-D2F3-498E-94D0-B8704B84C663}.Release|Any CPU.Build.0 = Release|Any CPU
	EndGlobalSection
	GlobalSection(SolutionProperties) = preSolution
		HideSolutionNode = FALSE
	EndGlobalSection
	GlobalSection(ExtensibilityGlobals) = postSolution
		SolutionGuid = {DFA107D6-A4A7-4259-A5B8-F9ABA756D7CB}
	EndGlobalSection
EndGlobal
